
Microsoft Visual Studio Solution File, Format Version 12.00
# Visual Studio Version 17
VisualStudioVersion = 17.4.33213.308
MinimumVisualStudioVersion = 10.0.40219.1
Project("{9A19103F-16F7-4668-BE54-9A1E7A4F7556}") = "CMouss.Binance", "CMouss.Binance\CMouss.Binance.csproj", "{27E87B50-D3CA-46D6-98DF-5D6A47AB0BAB}"
EndProject
Project("{9A19103F-16F7-4668-BE54-9A1E7A4F7556}") = "CMouss.Binance.Tests", "CMouss.Binance.Tests\CMouss.Binance.Tests.csproj", "{7B1802A6-AEB2-443E-882A-280B741F1CD6}"
EndProject
Global
	GlobalSection(SolutionConfigurationPlatforms) = preSolution
		Debug|Any CPU = Debug|Any CPU
		Release|Any CPU = Release|Any CPU
	EndGlobalSection
	GlobalSection(ProjectConfigurationPlatforms) = postSolution
		{27E87B50-D3CA-46D6-98DF-5D6A47AB0BAB}.Debug|Any CPU.ActiveCfg = Debug|Any CPU
		{27E87B50-D3CA-46D6-98DF-5D6A47AB0BAB}.Debug|Any CPU.Build.0 = Debug|Any CPU
		{27E87B50-D3CA-46D6-98DF-5D6A47AB0BAB}.Release|Any CPU.ActiveCfg = Release|Any CPU
		{27E87B50-D3CA-46D6-98DF-5D6A47AB0BAB}.Release|Any CPU.Build.0 = Release|Any CPU
		{7B1802A6-AEB2-443E-882A-280B741F1CD6}.Debug|Any CPU.ActiveCfg = Debug|Any CPU
		{7B1802A6-AEB2-443E-882A-280B741F1CD6}.Debug|Any CPU.Build.0 = Debug|Any CPU
		{7B1802A6-AEB2-443E-882A-280B741F1CD6}.Release|Any CPU.ActiveCfg = Release|Any CPU
		{7B1802A6-AEB2-443E-882A-280B741F1CD6}.Release|Any CPU.Build.0 = Release|Any CPU
	EndGlobalSection
	GlobalSection(SolutionProperties) = preSolution
		HideSolutionNode = FALSE
	EndGlobalSection
	GlobalSection(ExtensibilityGlobals) = postSolution
		SolutionGuid = {91496330-25E2-48FE-87E8-A12326DD8857}
	EndGlobalSection
EndGlobal
