
Microsoft Visual Studio Solution File, Format Version 12.00
# Visual Studio Version 16
VisualStudioVersion = 16.0.31229.75
MinimumVisualStudioVersion = 10.0.40219.1
Project("{9A19103F-16F7-4668-BE54-9A1E7A4F7556}") = "Binance", "Binance\Binance.csproj", "{982B8CC1-93E0-4F4E-B8F3-AB9B4759B024}"
EndProject
Project("{FAE04EC0-301F-11D3-BF4B-00C04F79EFBC}") = "Binance.Tests", "Binance.Tests\Binance.Tests.csproj", "{69017F8E-2BB1-4C8F-9561-C921FCFF029A}"
EndProject
Global
	GlobalSection(SolutionConfigurationPlatforms) = preSolution
		Debug|Any CPU = Debug|Any CPU
		Release|Any CPU = Release|Any CPU
	EndGlobalSection
	GlobalSection(ProjectConfigurationPlatforms) = postSolution
		{982B8CC1-93E0-4F4E-B8F3-AB9B4759B024}.Debug|Any CPU.ActiveCfg = Debug|Any CPU
		{982B8CC1-93E0-4F4E-B8F3-AB9B4759B024}.Debug|Any CPU.Build.0 = Debug|Any CPU
		{982B8CC1-93E0-4F4E-B8F3-AB9B4759B024}.Release|Any CPU.ActiveCfg = Release|Any CPU
		{982B8CC1-93E0-4F4E-B8F3-AB9B4759B024}.Release|Any CPU.Build.0 = Release|Any CPU
		{69017F8E-2BB1-4C8F-9561-C921FCFF029A}.Debug|Any CPU.ActiveCfg = Debug|Any CPU
		{69017F8E-2BB1-4C8F-9561-C921FCFF029A}.Debug|Any CPU.Build.0 = Debug|Any CPU
		{69017F8E-2BB1-4C8F-9561-C921FCFF029A}.Release|Any CPU.ActiveCfg = Release|Any CPU
		{69017F8E-2BB1-4C8F-9561-C921FCFF029A}.Release|Any CPU.Build.0 = Release|Any CPU
	EndGlobalSection
	GlobalSection(SolutionProperties) = preSolution
		HideSolutionNode = FALSE
	EndGlobalSection
	GlobalSection(ExtensibilityGlobals) = postSolution
		SolutionGuid = {91496330-25E2-48FE-87E8-A12326DD8857}
	EndGlobalSection
EndGlobal
